
Microsoft Visual Studio Solution File, Format Version 12.00
# Visual Studio Version 17
VisualStudioVersion = 17.5.001.0
MinimumVisualStudioVersion = 10.0.40219.1
Project("{9A19103F-16F7-4668-BE54-9A1E7A4F7556}") = "API33", "API33.csproj", "{33E0FEC0-705E-49C6-82C8-BBC60CF75EC8}"
EndProject
Global
	GlobalSection(SolutionConfigurationPlatforms) = preSolution
		Debug|Any CPU = Debug|Any CPU
		Release|Any CPU = Release|Any CPU
	EndGlobalSection
	GlobalSection(ProjectConfigurationPlatforms) = postSolution
		{33E0FEC0-705E-49C6-82C8-BBC60CF75EC8}.Debug|Any CPU.ActiveCfg = Debug|Any CPU
		{33E0FEC0-705E-49C6-82C8-BBC60CF75EC8}.Debug|Any CPU.Build.0 = Debug|Any CPU
		{33E0FEC0-705E-49C6-82C8-BBC60CF75EC8}.Release|Any CPU.ActiveCfg = Release|Any CPU
		{33E0FEC0-705E-49C6-82C8-BBC60CF75EC8}.Release|Any CPU.Build.0 = Release|Any CPU
	EndGlobalSection
	GlobalSection(SolutionProperties) = preSolution
		HideSolutionNode = FALSE
	EndGlobalSection
	GlobalSection(ExtensibilityGlobals) = postSolution
		SolutionGuid = {56CE2DFB-98D6-41D5-8168-E0C371A3E4D7}
	EndGlobalSection
EndGlobal
